{"1.1.0",
[{<<"bear">>,{pkg,<<"bear">>,<<"0.8.7">>},5},
 {<<"eradius">>,
  {git,"https://github.com/travelping/eradius.git",
       {ref,"845930c02911702b0a1c3b16a677c9bdf59a8906"}},
  2},
 {<<"ergw_aaa">>,
  {git,"git://github.com/travelping/ergw_aaa",
       {ref,"68c9a9087adb206693249253edba921767087caa"}},
  1},
 {<<"erlando">>,
  {git,"https://github.com/travelping/erlando.git",
       {ref,"737fbd691e85b89fe5503089e102454b585e25d1"}},
  0},
 {<<"exometer_core">>,{pkg,<<"exometer_core">>,<<"1.5.2">>},3},
 {<<"folsom">>,{pkg,<<"folsom">>,<<"0.8.8">>},4},
 {<<"goldrush">>,{pkg,<<"goldrush">>,<<"0.1.9">>},1},
 {<<"hut">>,{pkg,<<"hut">>,<<"1.2.1">>},4},
 {<<"lager">>,{pkg,<<"lager">>,<<"3.6.3">>},0},
 {<<"parse_trans">>,{pkg,<<"parse_trans">>,<<"3.0.0">>},4},
 {<<"pmod_transform">>,
  {git,"git://github.com/erlang/pmod_transform.git",
       {ref,"8d5ab70f087cfbb634d789f7489f09c6d39c5c8b"}},
  1},
 {<<"ppp">>,
  {git,"git://github.com/travelping/ppp",
       {ref,"b5e3aeff690a7bc70cd1ef9cfc046dfb4ea26e5e"}},
  0},
 {<<"regine">>,
  {git,"https://github.com/travelping/regine.git",
       {ref,"2d2c0c2606cb68377c6b41bb0f2ea6bbe98927e8"}},
  1},
 {<<"setup">>,{pkg,<<"setup">>,<<"1.8.4">>},2}]}.
[
{pkg_hash,[
 {<<"bear">>, <<"16264309AE5D005D03718A5C82641FCC259C9E8F09ADEB6FD79CA4271168656F">>},
 {<<"exometer_core">>, <<"62A99A361BA8A14D53857D4C716A191E810299D2F43C5C981EB7B086C0BFCCE1">>},
 {<<"folsom">>, <<"9A2B02010F6727CB1948EF34E21CB66F3554B63355C3A31E8BCB10FB172C3170">>},
 {<<"goldrush">>, <<"F06E5D5F1277DA5C413E84D5A2924174182FB108DABB39D5EC548B27424CD106">>},
 {<<"hut">>, <<"08D46679523043424870723923971889E8A34D63B2F946A35B46CF921D1236E7">>},
 {<<"lager">>, <<"FE78951D174616273F87F0DBC3374D1430B1952E5EFC4E1C995592D30A207294">>},
 {<<"parse_trans">>, <<"9E96B1C9C3A0DF54E7B76F8F685D38BFA1EB21B31E042B1D1A5A70258E4DB1E3">>},
 {<<"setup">>, <<"738DB0685DC1741F45C6A9BF78478E0D5877F3D0876C0B50FD02F0210EDB5AA4">>}]}
].
