{"1.1.0",
[{<<"bear">>,
  {git,"git://github.com/boundary/bear.git",
       {ref,"119234548783af19b8ec75c879c5062676b92571"}},
  4},
 {<<"coveralls">>,
  {git,"git://github.com/markusn/coveralls-erl.git",
       {ref,"5f45f5a003244931acd5eabfa3db45a641188e2a"}},
  2},
 {<<"eradius">>,
  {git,"https://github.com/travelping/eradius.git",
       {ref,"19f06c3812482d479ec3982849a271291f439edb"}},
  1},
 {<<"erlando">>,
  {git,"https://github.com/travelping/erlando.git",
       {ref,"8d1aa927c51b7ac351b90abcdaed7d2f527eb937"}},
  0},
 {<<"exometer_core">>,
  {git,"git://github.com/Feuerlabs/exometer_core",
       {ref,"09c2a9361c0295c977e441ef89382db964a64460"}},
  2},
 {<<"folsom">>,
  {git,"git://github.com/folsom-project/folsom",
       {ref,"38e2cce7c64ce1f0a3a918d90394cfc0a940b1ba"}},
  3},
 {<<"goldrush">>,{pkg,<<"goldrush">>,<<"0.1.9">>},1},
 {<<"hut">>,
  {git,"git://github.com/tolbrino/hut.git",
       {ref,"025540398478ab6f95932c3234382ac5bb21ad3e"}},
  3},
 {<<"lager">>,{pkg,<<"lager">>,<<"3.4.2">>},0},
 {<<"meck">>,
  {git,"git://github.com/eproxus/meck.git",
       {ref,"ad8374ce5bdb0bb05d9f5a75d989157361902c3c"}},
  2},
 {<<"parse_trans">>,
  {git,"git://github.com/uwiger/parse_trans.git",
       {ref,"6f3645afb43c7c57d61b54ef59aecab288ce1013"}},
  3},
 {<<"pmod_transform">>,
  {git,"git://github.com/erlang/pmod_transform.git",
       {ref,"7c6fe6193b7b11c874877246bcb612414fbd1359"}},
  1},
 {<<"ppp">>,
  {git,"git://github.com/travelping/ppp",
       {ref,"c1e03ee93ef333b5eb8aadd14b1290cfc1001089"}},
  0},
 {<<"regine">>,
  {git,"https://github.com/travelping/regine.git",
       {ref,"4c63d24ff798c785beb30d1447ace27611761dce"}},
  1},
 {<<"setup">>,
  {git,"git://github.com/uwiger/setup.git",
       {ref,"e4a089f743505f1166e026c51989f041da7b2f6d"}},
  3}]}.
[
{pkg_hash,[
 {<<"goldrush">>, <<"F06E5D5F1277DA5C413E84D5A2924174182FB108DABB39D5EC548B27424CD106">>},
 {<<"lager">>, <<"150B9A17B23AE6D3265CC10DC360747621CF217B7A22B8CDDF03B2909DBF7AA5">>}]}
].
