{"1.1.0",
[{<<"bear">>,
  {git,"git://github.com/boundary/bear.git",
       {ref,"119234548783af19b8ec75c879c5062676b92571"}},
  4},
 {<<"coveralls">>,
  {git,"git://github.com/markusn/coveralls-erl.git",
       {ref,"31c7f119a73831418dafb9993141874946f302fc"}},
  2},
 {<<"edown">>,
  {git,"git://github.com/uwiger/edown.git",
       {ref,"b7c8eb0ac1859f8fce11cbfe3526f5ec83194776"}},
  4},
 {<<"eradius">>,
  {git,"https://github.com/travelping/eradius.git",
       {ref,"d81a208f1317ae40f66f6667d2ca7b0c8e112cab"}},
  1},
 {<<"ergw_aaa">>,
  {git,"git://github.com/travelping/ergw_aaa",
       {ref,"fb9d2bbf9f6cbe391f072c4ad42ed2d21526e92b"}},
  1},
 {<<"erlando">>,
  {git,"https://github.com/travelping/erlando.git",
       {ref,"8d1aa927c51b7ac351b90abcdaed7d2f527eb937"}},
  0},
 {<<"exometer_core">>,
  {git,"git://github.com/Feuerlabs/exometer_core",
       {ref,"c4afd6d095c8eef7c5447133a033b9165f53da02"}},
  2},
 {<<"folsom">>,
  {git,"git://github.com/folsom-project/folsom",
       {ref,"38e2cce7c64ce1f0a3a918d90394cfc0a940b1ba"}},
  3},
 {<<"goldrush">>,{pkg,<<"goldrush">>,<<"0.1.9">>},1},
 {<<"hut">>,
  {git,"git://github.com/tolbrino/hut.git",
       {ref,"025540398478ab6f95932c3234382ac5bb21ad3e"}},
  3},
 {<<"lager">>,{pkg,<<"lager">>,<<"3.5.2">>},0},
 {<<"meck">>,
  {git,"git://github.com/eproxus/meck.git",
       {ref,"a1f83d3a33642c30df05a79520aa7397712a76bc"}},
  2},
 {<<"parse_trans">>,
  {git,"git://github.com/uwiger/parse_trans.git",
       {ref,"a210adafdfbb904d156d8f22abd5fb58fc17de1e"}},
  3},
 {<<"pmod_transform">>,
  {git,"git://github.com/erlang/pmod_transform.git",
       {ref,"8d5ab70f087cfbb634d789f7489f09c6d39c5c8b"}},
  1},
 {<<"ppp">>,
  {git,"git://github.com/travelping/ppp",
       {ref,"2192d576c537b9d7bd32e2a4d4d1e067cc8350e2"}},
  0},
 {<<"proper">>,
  {git,"git://github.com/manopapad/proper.git",
       {ref,"a112a2d64b2b1bfbea780e139980711dfe99b431"}},
  1},
 {<<"regine">>,
  {git,"https://github.com/travelping/regine.git",
       {ref,"4c63d24ff798c785beb30d1447ace27611761dce"}},
  1},
 {<<"setup">>,
  {git,"git://github.com/uwiger/setup.git",
       {ref,"c99610e26bcfcb92e79e1aedfa6f73e5b3161557"}},
  2}]}.
[
{pkg_hash,[
 {<<"goldrush">>, <<"F06E5D5F1277DA5C413E84D5A2924174182FB108DABB39D5EC548B27424CD106">>},
 {<<"lager">>, <<"614A8C8F67BF99B69EB264EA22121AD25511C055AAEC09B086773D5108C6767F">>}]}
].
